
Microsoft Visual Studio Solution File, Format Version 12.00
# Visual Studio 2012
Project("{FAE04EC0-301F-11D3-BF4B-00C04F79EFBC}") = "Ch01", "Ch01\Ch01.csproj", "{49F8E9D5-92B3-4E2F-A488-0FC4E76D3038}"
EndProject
Project("{FAE04EC0-301F-11D3-BF4B-00C04F79EFBC}") = "Ch02", "Ch02\Ch02.csproj", "{BA648C1E-279B-4198-B305-2DF1C043CFA2}"
EndProject
Project("{FAE04EC0-301F-11D3-BF4B-00C04F79EFBC}") = "Ch03", "Ch03\Ch03.csproj", "{490B178E-CAD9-49D9-8B0F-AD699E18FFBF}"
EndProject
Project("{FAE04EC0-301F-11D3-BF4B-00C04F79EFBC}") = "Ch04", "Ch04\Ch04.csproj", "{D595E1D6-0386-47FF-98B6-1287D3D93ACF}"
EndProject
Project("{FAE04EC0-301F-11D3-BF4B-00C04F79EFBC}") = "Ch05", "Ch05\Ch05.csproj", "{F41576AF-3F4C-4BE0-8A8C-42C5E6A2B8B4}"
EndProject
Project("{FAE04EC0-301F-11D3-BF4B-00C04F79EFBC}") = "Ch06", "Ch06\Ch06.csproj", "{1ABE6AC4-49BD-425E-8C55-C31DC9709611}"
EndProject
Project("{FAE04EC0-301F-11D3-BF4B-00C04F79EFBC}") = "Ch07", "Ch07\Ch07.csproj", "{355AD8B6-3A7B-42D3-A769-1C5F2209F492}"
EndProject
Project("{FAE04EC0-301F-11D3-BF4B-00C04F79EFBC}") = "Ch08", "Ch08\Ch08.csproj", "{4C3FB5F4-D3A0-4568-8462-093C6D6D3F95}"
EndProject
Project("{FAE04EC0-301F-11D3-BF4B-00C04F79EFBC}") = "Ch09", "Ch09\Ch09.csproj", "{8D8C5025-7DE6-4199-BD89-2AA6D0F57FB6}"
EndProject
Project("{FAE04EC0-301F-11D3-BF4B-00C04F79EFBC}") = "Ch10", "Ch10\Ch10.csproj", "{0B6F3810-D7CB-497A-923B-D38CF61EAD44}"
EndProject
Project("{FAE04EC0-301F-11D3-BF4B-00C04F79EFBC}") = "Ch11", "Ch11\Ch11.csproj", "{3E8C37A0-B67E-4B8D-8463-0E27AE5CC063}"
EndProject
Project("{FAE04EC0-301F-11D3-BF4B-00C04F79EFBC}") = "Ch12", "Ch12\Ch12.csproj", "{AECCD015-05F0-47E3-973F-156EB64C956A}"
EndProject
Project("{FAE04EC0-301F-11D3-BF4B-00C04F79EFBC}") = "Ch13", "Ch13\Ch13.csproj", "{ACD755CA-C7A8-4059-9474-57AD95C0AA28}"
EndProject
Project("{FAE04EC0-301F-11D3-BF4B-00C04F79EFBC}") = "Ch14", "Ch14\Ch14.csproj", "{C31EF547-CA0A-477F-9A40-0D0347906E6B}"
EndProject
Project("{2150E333-8FDC-42A3-9474-1A3956D46DE8}") = "Ch01-ReIntroducing", "Ch01-ReIntroducing", "{2F410106-2CDD-4C1A-8449-BC9E06AD5886}"
EndProject
Project("{2150E333-8FDC-42A3-9474-1A3956D46DE8}") = "Ch02-ObjectAndMemory", "Ch02-ObjectAndMemory", "{3E57FE21-AECC-4327-BE95-43864DD790DB}"
EndProject
Project("{2150E333-8FDC-42A3-9474-1A3956D46DE8}") = "Ch03-Parameters", "Ch03-Parameters", "{EDA05F60-5857-413C-8BAD-D845BB838739}"
EndProject
Project("{2150E333-8FDC-42A3-9474-1A3956D46DE8}") = "Ch04-Methods", "Ch04-Methods", "{7183C46F-6D61-4C9E-B8F3-88F47FE11523}"
EndProject
Project("{2150E333-8FDC-42A3-9474-1A3956D46DE8}") = "Ch05-AutomaticProperty", "Ch05-AutomaticProperty", "{B4C4F036-1C5D-4A34-854C-A98E87898F42}"
EndProject
Project("{2150E333-8FDC-42A3-9474-1A3956D46DE8}") = "Ch06-Enum", "Ch06-Enum", "{C274216E-04F5-4871-863A-04CB4F825D56}"
EndProject
Project("{2150E333-8FDC-42A3-9474-1A3956D46DE8}") = "Ch07-Delegate", "Ch07-Delegate", "{7F9BB7BA-5123-446F-97E9-EFBF89C73F65}"
EndProject
Project("{2150E333-8FDC-42A3-9474-1A3956D46DE8}") = "Ch08-Event", "Ch08-Event", "{922F7B36-6AA2-49AF-8B26-B230964880D5}"
EndProject
Project("{2150E333-8FDC-42A3-9474-1A3956D46DE8}") = "Ch09-Iterator", "Ch09-Iterator", "{4E956EF3-0FEE-4279-B8C6-A5C7255F4F14}"
EndProject
Project("{2150E333-8FDC-42A3-9474-1A3956D46DE8}") = "Ch10-String", "Ch10-String", "{67D52602-1F0E-44A8-AE39-30FFA8428F6F}"
EndProject
Project("{2150E333-8FDC-42A3-9474-1A3956D46DE8}") = "Ch11-Collections", "Ch11-Collections", "{DEC57D57-781A-4DFB-926B-933AB1F5CCE4}"
EndProject
Project("{2150E333-8FDC-42A3-9474-1A3956D46DE8}") = "Ch12-Linq", "Ch12-Linq", "{13A08F52-15AC-4C93-933D-64356D5F8D28}"
EndProject
Project("{2150E333-8FDC-42A3-9474-1A3956D46DE8}") = "Ch13-ExceptionManagement", "Ch13-ExceptionManagement", "{81E0DA60-44D3-4822-AABA-13B97AC18F0F}"
EndProject
Project("{2150E333-8FDC-42A3-9474-1A3956D46DE8}") = "Ch14-Async", "Ch14-Async", "{75D599C0-0785-4819-8A3A-948589B9CA5B}"
EndProject
Project("{2150E333-8FDC-42A3-9474-1A3956D46DE8}") = "Ch15-Diagonsis", "Ch15-Diagonsis", "{3969995B-7367-4CA7-84D7-026B0AEEE26F}"
EndProject
Project("{FAE04EC0-301F-11D3-BF4B-00C04F79EFBC}") = "CH08_GUI", "CH08_GUI\CH08_GUI.csproj", "{471B1E24-E545-4DDA-921E-A41BAD47490B}"
EndProject
Project("{FAE04EC0-301F-11D3-BF4B-00C04F79EFBC}") = "Ch15", "Ch15\Ch15.csproj", "{36B857F9-F732-40C5-A582-95FEB9F485B0}"
EndProject
Global
	GlobalSection(SolutionConfigurationPlatforms) = preSolution
		Debug|Any CPU = Debug|Any CPU
		Debug|Mixed Platforms = Debug|Mixed Platforms
		Debug|x86 = Debug|x86
		Release|Any CPU = Release|Any CPU
		Release|Mixed Platforms = Release|Mixed Platforms
		Release|x86 = Release|x86
	EndGlobalSection
	GlobalSection(ProjectConfigurationPlatforms) = postSolution
		{0B6F3810-D7CB-497A-923B-D38CF61EAD44}.Debug|Any CPU.ActiveCfg = Debug|x86
		{0B6F3810-D7CB-497A-923B-D38CF61EAD44}.Debug|Mixed Platforms.ActiveCfg = Debug|x86
		{0B6F3810-D7CB-497A-923B-D38CF61EAD44}.Debug|Mixed Platforms.Build.0 = Debug|x86
		{0B6F3810-D7CB-497A-923B-D38CF61EAD44}.Debug|x86.ActiveCfg = Debug|x86
		{0B6F3810-D7CB-497A-923B-D38CF61EAD44}.Debug|x86.Build.0 = Debug|x86
		{0B6F3810-D7CB-497A-923B-D38CF61EAD44}.Release|Any CPU.ActiveCfg = Release|x86
		{0B6F3810-D7CB-497A-923B-D38CF61EAD44}.Release|Mixed Platforms.ActiveCfg = Release|x86
		{0B6F3810-D7CB-497A-923B-D38CF61EAD44}.Release|Mixed Platforms.Build.0 = Release|x86
		{0B6F3810-D7CB-497A-923B-D38CF61EAD44}.Release|x86.ActiveCfg = Release|x86
		{0B6F3810-D7CB-497A-923B-D38CF61EAD44}.Release|x86.Build.0 = Release|x86
		{1ABE6AC4-49BD-425E-8C55-C31DC9709611}.Debug|Any CPU.ActiveCfg = Debug|x86
		{1ABE6AC4-49BD-425E-8C55-C31DC9709611}.Debug|Mixed Platforms.ActiveCfg = Debug|x86
		{1ABE6AC4-49BD-425E-8C55-C31DC9709611}.Debug|Mixed Platforms.Build.0 = Debug|x86
		{1ABE6AC4-49BD-425E-8C55-C31DC9709611}.Debug|x86.ActiveCfg = Debug|x86
		{1ABE6AC4-49BD-425E-8C55-C31DC9709611}.Debug|x86.Build.0 = Debug|x86
		{1ABE6AC4-49BD-425E-8C55-C31DC9709611}.Release|Any CPU.ActiveCfg = Release|x86
		{1ABE6AC4-49BD-425E-8C55-C31DC9709611}.Release|Mixed Platforms.ActiveCfg = Release|x86
		{1ABE6AC4-49BD-425E-8C55-C31DC9709611}.Release|Mixed Platforms.Build.0 = Release|x86
		{1ABE6AC4-49BD-425E-8C55-C31DC9709611}.Release|x86.ActiveCfg = Release|x86
		{1ABE6AC4-49BD-425E-8C55-C31DC9709611}.Release|x86.Build.0 = Release|x86
		{355AD8B6-3A7B-42D3-A769-1C5F2209F492}.Debug|Any CPU.ActiveCfg = Debug|x86
		{355AD8B6-3A7B-42D3-A769-1C5F2209F492}.Debug|Mixed Platforms.ActiveCfg = Debug|x86
		{355AD8B6-3A7B-42D3-A769-1C5F2209F492}.Debug|Mixed Platforms.Build.0 = Debug|x86
		{355AD8B6-3A7B-42D3-A769-1C5F2209F492}.Debug|x86.ActiveCfg = Debug|x86
		{355AD8B6-3A7B-42D3-A769-1C5F2209F492}.Debug|x86.Build.0 = Debug|x86
		{355AD8B6-3A7B-42D3-A769-1C5F2209F492}.Release|Any CPU.ActiveCfg = Release|x86
		{355AD8B6-3A7B-42D3-A769-1C5F2209F492}.Release|Mixed Platforms.ActiveCfg = Release|x86
		{355AD8B6-3A7B-42D3-A769-1C5F2209F492}.Release|Mixed Platforms.Build.0 = Release|x86
		{355AD8B6-3A7B-42D3-A769-1C5F2209F492}.Release|x86.ActiveCfg = Release|x86
		{355AD8B6-3A7B-42D3-A769-1C5F2209F492}.Release|x86.Build.0 = Release|x86
		{36B857F9-F732-40C5-A582-95FEB9F485B0}.Debug|Any CPU.ActiveCfg = Debug|Any CPU
		{36B857F9-F732-40C5-A582-95FEB9F485B0}.Debug|Any CPU.Build.0 = Debug|Any CPU
		{36B857F9-F732-40C5-A582-95FEB9F485B0}.Debug|Mixed Platforms.ActiveCfg = Debug|Any CPU
		{36B857F9-F732-40C5-A582-95FEB9F485B0}.Debug|Mixed Platforms.Build.0 = Debug|Any CPU
		{36B857F9-F732-40C5-A582-95FEB9F485B0}.Debug|x86.ActiveCfg = Debug|Any CPU
		{36B857F9-F732-40C5-A582-95FEB9F485B0}.Release|Any CPU.ActiveCfg = Release|Any CPU
		{36B857F9-F732-40C5-A582-95FEB9F485B0}.Release|Any CPU.Build.0 = Release|Any CPU
		{36B857F9-F732-40C5-A582-95FEB9F485B0}.Release|Mixed Platforms.ActiveCfg = Release|Any CPU
		{36B857F9-F732-40C5-A582-95FEB9F485B0}.Release|Mixed Platforms.Build.0 = Release|Any CPU
		{36B857F9-F732-40C5-A582-95FEB9F485B0}.Release|x86.ActiveCfg = Release|Any CPU
		{3E8C37A0-B67E-4B8D-8463-0E27AE5CC063}.Debug|Any CPU.ActiveCfg = Debug|x86
		{3E8C37A0-B67E-4B8D-8463-0E27AE5CC063}.Debug|Mixed Platforms.ActiveCfg = Debug|x86
		{3E8C37A0-B67E-4B8D-8463-0E27AE5CC063}.Debug|Mixed Platforms.Build.0 = Debug|x86
		{3E8C37A0-B67E-4B8D-8463-0E27AE5CC063}.Debug|x86.ActiveCfg = Debug|x86
		{3E8C37A0-B67E-4B8D-8463-0E27AE5CC063}.Debug|x86.Build.0 = Debug|x86
		{3E8C37A0-B67E-4B8D-8463-0E27AE5CC063}.Release|Any CPU.ActiveCfg = Release|x86
		{3E8C37A0-B67E-4B8D-8463-0E27AE5CC063}.Release|Mixed Platforms.ActiveCfg = Release|x86
		{3E8C37A0-B67E-4B8D-8463-0E27AE5CC063}.Release|Mixed Platforms.Build.0 = Release|x86
		{3E8C37A0-B67E-4B8D-8463-0E27AE5CC063}.Release|x86.ActiveCfg = Release|x86
		{3E8C37A0-B67E-4B8D-8463-0E27AE5CC063}.Release|x86.Build.0 = Release|x86
		{471B1E24-E545-4DDA-921E-A41BAD47490B}.Debug|Any CPU.ActiveCfg = Debug|Any CPU
		{471B1E24-E545-4DDA-921E-A41BAD47490B}.Debug|Any CPU.Build.0 = Debug|Any CPU
		{471B1E24-E545-4DDA-921E-A41BAD47490B}.Debug|Mixed Platforms.ActiveCfg = Debug|Any CPU
		{471B1E24-E545-4DDA-921E-A41BAD47490B}.Debug|Mixed Platforms.Build.0 = Debug|Any CPU
		{471B1E24-E545-4DDA-921E-A41BAD47490B}.Debug|x86.ActiveCfg = Debug|Any CPU
		{471B1E24-E545-4DDA-921E-A41BAD47490B}.Release|Any CPU.ActiveCfg = Release|Any CPU
		{471B1E24-E545-4DDA-921E-A41BAD47490B}.Release|Any CPU.Build.0 = Release|Any CPU
		{471B1E24-E545-4DDA-921E-A41BAD47490B}.Release|Mixed Platforms.ActiveCfg = Release|Any CPU
		{471B1E24-E545-4DDA-921E-A41BAD47490B}.Release|Mixed Platforms.Build.0 = Release|Any CPU
		{471B1E24-E545-4DDA-921E-A41BAD47490B}.Release|x86.ActiveCfg = Release|Any CPU
		{490B178E-CAD9-49D9-8B0F-AD699E18FFBF}.Debug|Any CPU.ActiveCfg = Debug|x86
		{490B178E-CAD9-49D9-8B0F-AD699E18FFBF}.Debug|Mixed Platforms.ActiveCfg = Debug|x86
		{490B178E-CAD9-49D9-8B0F-AD699E18FFBF}.Debug|Mixed Platforms.Build.0 = Debug|x86
		{490B178E-CAD9-49D9-8B0F-AD699E18FFBF}.Debug|x86.ActiveCfg = Debug|x86
		{490B178E-CAD9-49D9-8B0F-AD699E18FFBF}.Debug|x86.Build.0 = Debug|x86
		{490B178E-CAD9-49D9-8B0F-AD699E18FFBF}.Release|Any CPU.ActiveCfg = Release|x86
		{490B178E-CAD9-49D9-8B0F-AD699E18FFBF}.Release|Mixed Platforms.ActiveCfg = Release|x86
		{490B178E-CAD9-49D9-8B0F-AD699E18FFBF}.Release|Mixed Platforms.Build.0 = Release|x86
		{490B178E-CAD9-49D9-8B0F-AD699E18FFBF}.Release|x86.ActiveCfg = Release|x86
		{490B178E-CAD9-49D9-8B0F-AD699E18FFBF}.Release|x86.Build.0 = Release|x86
		{49F8E9D5-92B3-4E2F-A488-0FC4E76D3038}.Debug|Any CPU.ActiveCfg = Debug|x86
		{49F8E9D5-92B3-4E2F-A488-0FC4E76D3038}.Debug|Mixed Platforms.ActiveCfg = Debug|x86
		{49F8E9D5-92B3-4E2F-A488-0FC4E76D3038}.Debug|Mixed Platforms.Build.0 = Debug|x86
		{49F8E9D5-92B3-4E2F-A488-0FC4E76D3038}.Debug|x86.ActiveCfg = Debug|x86
		{49F8E9D5-92B3-4E2F-A488-0FC4E76D3038}.Debug|x86.Build.0 = Debug|x86
		{49F8E9D5-92B3-4E2F-A488-0FC4E76D3038}.Release|Any CPU.ActiveCfg = Release|x86
		{49F8E9D5-92B3-4E2F-A488-0FC4E76D3038}.Release|Mixed Platforms.ActiveCfg = Release|x86
		{49F8E9D5-92B3-4E2F-A488-0FC4E76D3038}.Release|Mixed Platforms.Build.0 = Release|x86
		{49F8E9D5-92B3-4E2F-A488-0FC4E76D3038}.Release|x86.ActiveCfg = Release|x86
		{49F8E9D5-92B3-4E2F-A488-0FC4E76D3038}.Release|x86.Build.0 = Release|x86
		{4C3FB5F4-D3A0-4568-8462-093C6D6D3F95}.Debug|Any CPU.ActiveCfg = Debug|x86
		{4C3FB5F4-D3A0-4568-8462-093C6D6D3F95}.Debug|Mixed Platforms.ActiveCfg = Debug|x86
		{4C3FB5F4-D3A0-4568-8462-093C6D6D3F95}.Debug|Mixed Platforms.Build.0 = Debug|x86
		{4C3FB5F4-D3A0-4568-8462-093C6D6D3F95}.Debug|x86.ActiveCfg = Debug|x86
		{4C3FB5F4-D3A0-4568-8462-093C6D6D3F95}.Debug|x86.Build.0 = Debug|x86
		{4C3FB5F4-D3A0-4568-8462-093C6D6D3F95}.Release|Any CPU.ActiveCfg = Release|x86
		{4C3FB5F4-D3A0-4568-8462-093C6D6D3F95}.Release|Mixed Platforms.ActiveCfg = Release|x86
		{4C3FB5F4-D3A0-4568-8462-093C6D6D3F95}.Release|Mixed Platforms.Build.0 = Release|x86
		{4C3FB5F4-D3A0-4568-8462-093C6D6D3F95}.Release|x86.ActiveCfg = Release|x86
		{4C3FB5F4-D3A0-4568-8462-093C6D6D3F95}.Release|x86.Build.0 = Release|x86
		{8D8C5025-7DE6-4199-BD89-2AA6D0F57FB6}.Debug|Any CPU.ActiveCfg = Debug|x86
		{8D8C5025-7DE6-4199-BD89-2AA6D0F57FB6}.Debug|Mixed Platforms.ActiveCfg = Debug|x86
		{8D8C5025-7DE6-4199-BD89-2AA6D0F57FB6}.Debug|Mixed Platforms.Build.0 = Debug|x86
		{8D8C5025-7DE6-4199-BD89-2AA6D0F57FB6}.Debug|x86.ActiveCfg = Debug|x86
		{8D8C5025-7DE6-4199-BD89-2AA6D0F57FB6}.Debug|x86.Build.0 = Debug|x86
		{8D8C5025-7DE6-4199-BD89-2AA6D0F57FB6}.Release|Any CPU.ActiveCfg = Release|x86
		{8D8C5025-7DE6-4199-BD89-2AA6D0F57FB6}.Release|Mixed Platforms.ActiveCfg = Release|x86
		{8D8C5025-7DE6-4199-BD89-2AA6D0F57FB6}.Release|Mixed Platforms.Build.0 = Release|x86
		{8D8C5025-7DE6-4199-BD89-2AA6D0F57FB6}.Release|x86.ActiveCfg = Release|x86
		{8D8C5025-7DE6-4199-BD89-2AA6D0F57FB6}.Release|x86.Build.0 = Release|x86
		{ACD755CA-C7A8-4059-9474-57AD95C0AA28}.Debug|Any CPU.ActiveCfg = Debug|x86
		{ACD755CA-C7A8-4059-9474-57AD95C0AA28}.Debug|Mixed Platforms.ActiveCfg = Debug|x86
		{ACD755CA-C7A8-4059-9474-57AD95C0AA28}.Debug|Mixed Platforms.Build.0 = Debug|x86
		{ACD755CA-C7A8-4059-9474-57AD95C0AA28}.Debug|x86.ActiveCfg = Debug|x86
		{ACD755CA-C7A8-4059-9474-57AD95C0AA28}.Debug|x86.Build.0 = Debug|x86
		{ACD755CA-C7A8-4059-9474-57AD95C0AA28}.Release|Any CPU.ActiveCfg = Release|x86
		{ACD755CA-C7A8-4059-9474-57AD95C0AA28}.Release|Mixed Platforms.ActiveCfg = Release|x86
		{ACD755CA-C7A8-4059-9474-57AD95C0AA28}.Release|Mixed Platforms.Build.0 = Release|x86
		{ACD755CA-C7A8-4059-9474-57AD95C0AA28}.Release|x86.ActiveCfg = Release|x86
		{ACD755CA-C7A8-4059-9474-57AD95C0AA28}.Release|x86.Build.0 = Release|x86
		{AECCD015-05F0-47E3-973F-156EB64C956A}.Debug|Any CPU.ActiveCfg = Debug|x86
		{AECCD015-05F0-47E3-973F-156EB64C956A}.Debug|Mixed Platforms.ActiveCfg = Debug|x86
		{AECCD015-05F0-47E3-973F-156EB64C956A}.Debug|Mixed Platforms.Build.0 = Debug|x86
		{AECCD015-05F0-47E3-973F-156EB64C956A}.Debug|x86.ActiveCfg = Debug|x86
		{AECCD015-05F0-47E3-973F-156EB64C956A}.Debug|x86.Build.0 = Debug|x86
		{AECCD015-05F0-47E3-973F-156EB64C956A}.Release|Any CPU.ActiveCfg = Release|x86
		{AECCD015-05F0-47E3-973F-156EB64C956A}.Release|Mixed Platforms.ActiveCfg = Release|x86
		{AECCD015-05F0-47E3-973F-156EB64C956A}.Release|Mixed Platforms.Build.0 = Release|x86
		{AECCD015-05F0-47E3-973F-156EB64C956A}.Release|x86.ActiveCfg = Release|x86
		{AECCD015-05F0-47E3-973F-156EB64C956A}.Release|x86.Build.0 = Release|x86
		{BA648C1E-279B-4198-B305-2DF1C043CFA2}.Debug|Any CPU.ActiveCfg = Debug|x86
		{BA648C1E-279B-4198-B305-2DF1C043CFA2}.Debug|Mixed Platforms.ActiveCfg = Debug|x86
		{BA648C1E-279B-4198-B305-2DF1C043CFA2}.Debug|Mixed Platforms.Build.0 = Debug|x86
		{BA648C1E-279B-4198-B305-2DF1C043CFA2}.Debug|x86.ActiveCfg = Debug|x86
		{BA648C1E-279B-4198-B305-2DF1C043CFA2}.Debug|x86.Build.0 = Debug|x86
		{BA648C1E-279B-4198-B305-2DF1C043CFA2}.Release|Any CPU.ActiveCfg = Release|x86
		{BA648C1E-279B-4198-B305-2DF1C043CFA2}.Release|Mixed Platforms.ActiveCfg = Release|x86
		{BA648C1E-279B-4198-B305-2DF1C043CFA2}.Release|Mixed Platforms.Build.0 = Release|x86
		{BA648C1E-279B-4198-B305-2DF1C043CFA2}.Release|x86.ActiveCfg = Release|x86
		{BA648C1E-279B-4198-B305-2DF1C043CFA2}.Release|x86.Build.0 = Release|x86
		{C31EF547-CA0A-477F-9A40-0D0347906E6B}.Debug|Any CPU.ActiveCfg = Debug|x86
		{C31EF547-CA0A-477F-9A40-0D0347906E6B}.Debug|Mixed Platforms.ActiveCfg = Debug|x86
		{C31EF547-CA0A-477F-9A40-0D0347906E6B}.Debug|Mixed Platforms.Build.0 = Debug|x86
		{C31EF547-CA0A-477F-9A40-0D0347906E6B}.Debug|x86.ActiveCfg = Debug|x86
		{C31EF547-CA0A-477F-9A40-0D0347906E6B}.Debug|x86.Build.0 = Debug|x86
		{C31EF547-CA0A-477F-9A40-0D0347906E6B}.Release|Any CPU.ActiveCfg = Release|x86
		{C31EF547-CA0A-477F-9A40-0D0347906E6B}.Release|Mixed Platforms.ActiveCfg = Release|x86
		{C31EF547-CA0A-477F-9A40-0D0347906E6B}.Release|Mixed Platforms.Build.0 = Release|x86
		{C31EF547-CA0A-477F-9A40-0D0347906E6B}.Release|x86.ActiveCfg = Release|x86
		{C31EF547-CA0A-477F-9A40-0D0347906E6B}.Release|x86.Build.0 = Release|x86
		{D595E1D6-0386-47FF-98B6-1287D3D93ACF}.Debug|Any CPU.ActiveCfg = Debug|x86
		{D595E1D6-0386-47FF-98B6-1287D3D93ACF}.Debug|Mixed Platforms.ActiveCfg = Debug|x86
		{D595E1D6-0386-47FF-98B6-1287D3D93ACF}.Debug|Mixed Platforms.Build.0 = Debug|x86
		{D595E1D6-0386-47FF-98B6-1287D3D93ACF}.Debug|x86.ActiveCfg = Debug|x86
		{D595E1D6-0386-47FF-98B6-1287D3D93ACF}.Debug|x86.Build.0 = Debug|x86
		{D595E1D6-0386-47FF-98B6-1287D3D93ACF}.Release|Any CPU.ActiveCfg = Release|x86
		{D595E1D6-0386-47FF-98B6-1287D3D93ACF}.Release|Mixed Platforms.ActiveCfg = Release|x86
		{D595E1D6-0386-47FF-98B6-1287D3D93ACF}.Release|Mixed Platforms.Build.0 = Release|x86
		{D595E1D6-0386-47FF-98B6-1287D3D93ACF}.Release|x86.ActiveCfg = Release|x86
		{D595E1D6-0386-47FF-98B6-1287D3D93ACF}.Release|x86.Build.0 = Release|x86
		{F41576AF-3F4C-4BE0-8A8C-42C5E6A2B8B4}.Debug|Any CPU.ActiveCfg = Debug|x86
		{F41576AF-3F4C-4BE0-8A8C-42C5E6A2B8B4}.Debug|Mixed Platforms.ActiveCfg = Debug|x86
		{F41576AF-3F4C-4BE0-8A8C-42C5E6A2B8B4}.Debug|Mixed Platforms.Build.0 = Debug|x86
		{F41576AF-3F4C-4BE0-8A8C-42C5E6A2B8B4}.Debug|x86.ActiveCfg = Debug|x86
		{F41576AF-3F4C-4BE0-8A8C-42C5E6A2B8B4}.Debug|x86.Build.0 = Debug|x86
		{F41576AF-3F4C-4BE0-8A8C-42C5E6A2B8B4}.Release|Any CPU.ActiveCfg = Release|x86
		{F41576AF-3F4C-4BE0-8A8C-42C5E6A2B8B4}.Release|Mixed Platforms.ActiveCfg = Release|x86
		{F41576AF-3F4C-4BE0-8A8C-42C5E6A2B8B4}.Release|Mixed Platforms.Build.0 = Release|x86
		{F41576AF-3F4C-4BE0-8A8C-42C5E6A2B8B4}.Release|x86.ActiveCfg = Release|x86
		{F41576AF-3F4C-4BE0-8A8C-42C5E6A2B8B4}.Release|x86.Build.0 = Release|x86
	EndGlobalSection
	GlobalSection(SolutionProperties) = preSolution
		HideSolutionNode = FALSE
	EndGlobalSection
	GlobalSection(NestedProjects) = preSolution
		{0B6F3810-D7CB-497A-923B-D38CF61EAD44} = {67D52602-1F0E-44A8-AE39-30FFA8428F6F}
		{1ABE6AC4-49BD-425E-8C55-C31DC9709611} = {C274216E-04F5-4871-863A-04CB4F825D56}
		{355AD8B6-3A7B-42D3-A769-1C5F2209F492} = {7F9BB7BA-5123-446F-97E9-EFBF89C73F65}
		{36B857F9-F732-40C5-A582-95FEB9F485B0} = {3969995B-7367-4CA7-84D7-026B0AEEE26F}
		{3E8C37A0-B67E-4B8D-8463-0E27AE5CC063} = {DEC57D57-781A-4DFB-926B-933AB1F5CCE4}
		{471B1E24-E545-4DDA-921E-A41BAD47490B} = {922F7B36-6AA2-49AF-8B26-B230964880D5}
		{490B178E-CAD9-49D9-8B0F-AD699E18FFBF} = {EDA05F60-5857-413C-8BAD-D845BB838739}
		{49F8E9D5-92B3-4E2F-A488-0FC4E76D3038} = {2F410106-2CDD-4C1A-8449-BC9E06AD5886}
		{4C3FB5F4-D3A0-4568-8462-093C6D6D3F95} = {922F7B36-6AA2-49AF-8B26-B230964880D5}
		{8D8C5025-7DE6-4199-BD89-2AA6D0F57FB6} = {4E956EF3-0FEE-4279-B8C6-A5C7255F4F14}
		{ACD755CA-C7A8-4059-9474-57AD95C0AA28} = {81E0DA60-44D3-4822-AABA-13B97AC18F0F}
		{AECCD015-05F0-47E3-973F-156EB64C956A} = {13A08F52-15AC-4C93-933D-64356D5F8D28}
		{BA648C1E-279B-4198-B305-2DF1C043CFA2} = {3E57FE21-AECC-4327-BE95-43864DD790DB}
		{C31EF547-CA0A-477F-9A40-0D0347906E6B} = {75D599C0-0785-4819-8A3A-948589B9CA5B}
		{D595E1D6-0386-47FF-98B6-1287D3D93ACF} = {7183C46F-6D61-4C9E-B8F3-88F47FE11523}
		{F41576AF-3F4C-4BE0-8A8C-42C5E6A2B8B4} = {B4C4F036-1C5D-4A34-854C-A98E87898F42}
	EndGlobalSection
EndGlobal
